# THIS IS AN AUTOGENERATED FILE. DO NOT EDIT THIS FILE DIRECTLY.
# yarn lockfile v1


"@types/lodash.get@^4.4.6":
  version "4.4.6"
  resolved "https://registry.yarnpkg.com/@types/lodash.get/-/lodash.get-4.4.6.tgz#0c7ac56243dae0f9f09ab6f75b29471e2e777240"
  integrity sha512-E6zzjR3GtNig8UJG/yodBeJeIOtgPkMgsLjDU3CbgCAPC++vJ0eCMnJhVpRZb/ENqEFlov1+3K9TKtY4UdWKtQ==
  dependencies:
    "@types/lodash" "*"

"@types/lodash.merge@^4.6.6":
  version "4.6.6"
  resolved "https://registry.yarnpkg.com/@types/lodash.merge/-/lodash.merge-4.6.6.tgz#b84b403c1d31bc42d51772d1cd5557fa008cd3d6"
  integrity sha512-IB90krzMf7YpfgP3u/EvZEdXVvm4e3gJbUvh5ieuI+o+XqiNEt6fCzqNRaiLlPVScLI59RxIGZMQ3+Ko/DJ8vQ==
  dependencies:
    "@types/lodash" "*"

"@types/lodash@*":
  version "4.14.168"
  resolved "https://registry.yarnpkg.com/@types/lodash/-/lodash-4.14.168.tgz#fe24632e79b7ade3f132891afff86caa5e5ce008"
  integrity sha512-oVfRvqHV/V6D1yifJbVRU3TMp8OT6o6BG+U9MkwuJ3U8/CsDHvalRpsxBqivn71ztOFZBTfJMvETbqHiaNSj7Q==

lodash.get@^4.4.2:
  version "4.4.2"
  resolved "https://registry.yarnpkg.com/lodash.get/-/lodash.get-4.4.2.tgz#2d177f652fa31e939b4438d5341499dfa3825e99"
  integrity sha1-LRd/ZS+jHpObRDjVNBSZ36OCXpk=

lodash.merge@^4.6.2:
  version "4.6.2"
  resolved "https://registry.yarnpkg.com/lodash.merge/-/lodash.merge-4.6.2.tgz#558aa53b43b661e1925a0afdfa36a9a1085fe57a"
  integrity sha512-0KpjqXRVvrYyCsX1swR/XTK0va6VQkQM6MNo7PqW77ByjAhoARA8EfrP1N4+KlKj8YS0ZUCtRT/YUuhyYDujIQ==

typescript@^4.2.3:
  version "4.2.3"
  resolved "https://registry.yarnpkg.com/typescript/-/typescript-4.2.3.tgz#39062d8019912d43726298f09493d598048c1ce3"
  integrity sha512-qOcYwxaByStAWrBf4x0fibwZvMRG+r4cQoTjbPtUlrWjBHbmCAww1i448U0GJ+3cNNEtebDteo/cHOR3xJ4wEw==
